{
    "_readme": [
        "This file locks the dependencies of your project to a known state",
        "Read more about it at http://getcomposer.org/doc/01-basic-usage.md#composer-lock-the-lock-file"
    ],
    "hash": "48004e6aacce702c69bc5c01c97dc8a1",
    "packages": [
        {
            "name": "amb/libtest",
            "version": "v1.0",
            "source": {
                "type": "git",
                "url": "https://github.com/andyboxer/libtest.git",
                "reference": "531db39e1f1cd3093ce7b351a0afc87a689d6121"
            },
            "dist": {
                "type": "zip",
                "url": "https://api.github.com/repos/andyboxer/libtest/zipball/531db39e1f1cd3093ce7b351a0afc87a689d6121",
                "reference": "531db39e1f1cd3093ce7b351a0afc87a689d6121",
                "shasum": ""
            },
            "type": "library",
            "autoload": {
                "psr-0": {
                    "amb\\libtest": "/../../"
                }
            },
            "support": {
                "source": "https://github.com/andyboxer/libtest/tree/master",
                "issues": "https://github.com/andyboxer/libtest/issues"
            },
            "time": "2014-04-17 18:33:50"
        }
    ],
    "packages-dev": [

    ],
    "aliases": [

    ],
    "minimum-stability": "stable",
    "stability-flags": [

    ],
    "platform": [

    ],
    "platform-dev": [

    ]
}
