{
    "_readme": [
        "This file locks the dependencies of your project to a known state",
        "Read more about it at http://getcomposer.org/doc/01-basic-usage.md#composer-lock-the-lock-file"
    ],
    "hash": "b888fe73bd7b74ec53461fa1b5f72942",
    "packages": [
        {
            "name": "amb/libtest",
            "version": "v1.0.1",
            "source": {
                "type": "git",
                "url": "https://github.com/andyboxer/libtest.git",
                "reference": "1da33b2aea0e9d0c9a05d9b394c861695b6cb3de"
            },
            "dist": {
                "type": "zip",
                "url": "https://api.github.com/repos/andyboxer/libtest/zipball/1da33b2aea0e9d0c9a05d9b394c861695b6cb3de",
                "reference": "1da33b2aea0e9d0c9a05d9b394c861695b6cb3de",
                "shasum": ""
            },
            "type": "library",
            "autoload": {
                "psr-0": {
                    "amb\\libtest": "/../../"
                }
            },
            "support": {
                "source": "https://github.com/andyboxer/libtest/tree/master",
                "issues": "https://github.com/andyboxer/libtest/issues"
            },
            "time": "2014-04-17 18:43:13"
        }
    ],
    "packages-dev": [

    ],
    "aliases": [

    ],
    "minimum-stability": "stable",
    "stability-flags": [

    ],
    "platform": [

    ],
    "platform-dev": [

    ]
}
